// !$*UTF8*$!
{
	archiveVersion = 1;
	classes = {
	};
	objectVersion = 46;
	objects = {

/* Begin PBXBuildFile section */
		4ECC05F9182044F90000CD59 /* Foundation.framework in Frameworks */ = {isa = PBXBuildFile; fileRef = 4ECC05F8182044F90000CD59 /* Foundation.framework */; };
		4ECC05FB182044F90000CD59 /* CoreGraphics.framework in Frameworks */ = {isa = PBXBuildFile; fileRef = 4ECC05FA182044F90000CD59 /* CoreGraphics.framework */; };
		4ECC05FD182044F90000CD59 /* UIKit.framework in Frameworks */ = {isa = PBXBuildFile; fileRef = 4ECC05FC182044F90000CD59 /* UIKit.framework */; };
		4ECC0603182044F90000CD59 /* InfoPlist.strings in Resources */ = {isa = PBXBuildFile; fileRef = 4ECC0601182044F90000CD59 /* InfoPlist.strings */; };
		4ECC0605182044F90000CD59 /* main.m in Sources */ = {isa = PBXBuildFile; fileRef = 4ECC0604182044F90000CD59 /* main.m */; };
		4ECC0609182044F90000CD59 /* AppDelegate.m in Sources */ = {isa = PBXBuildFile; fileRef = 4ECC0608182044F90000CD59 /* AppDelegate.m */; };
		4ECC060C182044F90000CD59 /* Main.storyboard in Resources */ = {isa = PBXBuildFile; fileRef = 4ECC060A182044F90000CD59 /* Main.storyboard */; };
		4ECC060F182044F90000CD59 /* LoginViewController.m in Sources */ = {isa = PBXBuildFile; fileRef = 4ECC060E182044F90000CD59 /* LoginViewController.m */; };
		4ECC0611182044F90000CD59 /* Images.xcassets in Resources */ = {isa = PBXBuildFile; fileRef = 4ECC0610182044F90000CD59 /* Images.xcassets */; };
		4ECC0618182044F90000CD59 /* XCTest.framework in Frameworks */ = {isa = PBXBuildFile; fileRef = 4ECC0617182044F90000CD59 /* XCTest.framework */; };
		4ECC0619182044F90000CD59 /* Foundation.framework in Frameworks */ = {isa = PBXBuildFile; fileRef = 4ECC05F8182044F90000CD59 /* Foundation.framework */; };
		4ECC061A182044F90000CD59 /* UIKit.framework in Frameworks */ = {isa = PBXBuildFile; fileRef = 4ECC05FC182044F90000CD59 /* UIKit.framework */; };
		4ECC0622182044F90000CD59 /* InfoPlist.strings in Resources */ = {isa = PBXBuildFile; fileRef = 4ECC0620182044F90000CD59 /* InfoPlist.strings */; };
		4ECC0624182044F90000CD59 /* MondoMeravigliosoTests.m in Sources */ = {isa = PBXBuildFile; fileRef = 4ECC0623182044F90000CD59 /* MondoMeravigliosoTests.m */; };
		4ECC0630182053130000CD59 /* User.m in Sources */ = {isa = PBXBuildFile; fileRef = 4ECC062F182053130000CD59 /* User.m */; };
		4ECC0633182057B90000CD59 /* Location.m in Sources */ = {isa = PBXBuildFile; fileRef = 4ECC0632182057B90000CD59 /* Location.m */; };
		4ECC0639182062670000CD59 /* CreateCommand.m in Sources */ = {isa = PBXBuildFile; fileRef = 4ECC0638182062670000CD59 /* CreateCommand.m */; };
		4ECC063C18206BF10000CD59 /* LoginCommand.m in Sources */ = {isa = PBXBuildFile; fileRef = 4ECC063B18206BF10000CD59 /* LoginCommand.m */; };
		4ECC063F18206C0E0000CD59 /* UserService.m in Sources */ = {isa = PBXBuildFile; fileRef = 4ECC063E18206C0E0000CD59 /* UserService.m */; };
		4ED3C11C18490E28004BC61E /* UserDetailViewController.m in Sources */ = {isa = PBXBuildFile; fileRef = 4ED3C11B18490E28004BC61E /* UserDetailViewController.m */; };
		97094F0D1825934000A881BA /* MainViewController.m in Sources */ = {isa = PBXBuildFile; fileRef = 97094F0C1825934000A881BA /* MainViewController.m */; };
		972496961843F033008FC6DB /* NearestUsersViewController.m in Sources */ = {isa = PBXBuildFile; fileRef = 972496951843F033008FC6DB /* NearestUsersViewController.m */; };
		972496991843F850008FC6DB /* NearestUserCell.m in Sources */ = {isa = PBXBuildFile; fileRef = 972496981843F850008FC6DB /* NearestUserCell.m */; };
		9746C3CE1823C016009FDF0B /* GSRadioButtonSetController.m in Sources */ = {isa = PBXBuildFile; fileRef = 9746C3CD1823C016009FDF0B /* GSRadioButtonSetController.m */; };
		9746C3D41823C26D009FDF0B /* button-off.png in Resources */ = {isa = PBXBuildFile; fileRef = 9746C3D01823C26D009FDF0B /* button-off.png */; };
		9746C3D51823C26D009FDF0B /* button-off@2x.png in Resources */ = {isa = PBXBuildFile; fileRef = 9746C3D11823C26D009FDF0B /* button-off@2x.png */; };
		9746C3D61823C26D009FDF0B /* button-on.png in Resources */ = {isa = PBXBuildFile; fileRef = 9746C3D21823C26D009FDF0B /* button-on.png */; };
		9746C3D71823C26D009FDF0B /* button-on@2x.png in Resources */ = {isa = PBXBuildFile; fileRef = 9746C3D31823C26D009FDF0B /* button-on@2x.png */; };
		9746C3DA18242181009FDF0B /* RegisterCommand.m in Sources */ = {isa = PBXBuildFile; fileRef = 9746C3D918242181009FDF0B /* RegisterCommand.m */; };
		9746C3DD1824219A009FDF0B /* UpdateCommand.m in Sources */ = {isa = PBXBuildFile; fileRef = 9746C3DC1824219A009FDF0B /* UpdateCommand.m */; };
		9746C3E018242F82009FDF0B /* UserRepository.m in Sources */ = {isa = PBXBuildFile; fileRef = 9746C3DF18242F82009FDF0B /* UserRepository.m */; };
		9746C3E2182431EF009FDF0B /* CoreLocation.framework in Frameworks */ = {isa = PBXBuildFile; fileRef = 9746C3E1182431EF009FDF0B /* CoreLocation.framework */; };
		974A4FD518512E6A009C9422 /* UserMessageListViewController.m in Sources */ = {isa = PBXBuildFile; fileRef = 974A4FD418512E6A009C9422 /* UserMessageListViewController.m */; };
		974C6E7B185A5A19006616BA /* JsonClient.m in Sources */ = {isa = PBXBuildFile; fileRef = 974C6E7A185A5A19006616BA /* JsonClient.m */; };
		9762B5A2185126AB008884CB /* LocalizationHelper.m in Sources */ = {isa = PBXBuildFile; fileRef = 9762B5A1185126AA008884CB /* LocalizationHelper.m */; };
		9769DE4918230947003A6F50 /* RegisterViewController.m in Sources */ = {isa = PBXBuildFile; fileRef = 9769DE4818230947003A6F50 /* RegisterViewController.m */; };
		9769DE5218230B25003A6F50 /* MIRadioButtonGroup.m in Sources */ = {isa = PBXBuildFile; fileRef = 9769DE4D18230B25003A6F50 /* MIRadioButtonGroup.m */; settings = {COMPILER_FLAGS = "-fno-objc-arc"; }; };
		9769DE5318230B25003A6F50 /* MIRadioButtonGroupAppDelegate.m in Sources */ = {isa = PBXBuildFile; fileRef = 9769DE4F18230B25003A6F50 /* MIRadioButtonGroupAppDelegate.m */; settings = {COMPILER_FLAGS = "-fno-objc-arc"; }; };
		9769DE5418230B25003A6F50 /* radio-off.png in Resources */ = {isa = PBXBuildFile; fileRef = 9769DE5018230B25003A6F50 /* radio-off.png */; };
		9769DE5518230B25003A6F50 /* radio-on.png in Resources */ = {isa = PBXBuildFile; fileRef = 9769DE5118230B25003A6F50 /* radio-on.png */; };
		979E02C7183913FA00B932D9 /* MapKit.framework in Frameworks */ = {isa = PBXBuildFile; fileRef = 979E02C6183913FA00B932D9 /* MapKit.framework */; };
		979E02D818396BC500B932D9 /* SBJsonParser.m in Sources */ = {isa = PBXBuildFile; fileRef = 979E02CB18396BC500B932D9 /* SBJsonParser.m */; };
		979E02D918396BC500B932D9 /* SBJsonStreamParser.m in Sources */ = {isa = PBXBuildFile; fileRef = 979E02CD18396BC500B932D9 /* SBJsonStreamParser.m */; };
		979E02DA18396BC500B932D9 /* SBJsonStreamParserState.m in Sources */ = {isa = PBXBuildFile; fileRef = 979E02CF18396BC500B932D9 /* SBJsonStreamParserState.m */; };
		979E02DB18396BC500B932D9 /* SBJsonStreamTokeniser.m in Sources */ = {isa = PBXBuildFile; fileRef = 979E02D118396BC500B932D9 /* SBJsonStreamTokeniser.m */; };
		979E02DC18396BC500B932D9 /* SBJsonStreamWriter.m in Sources */ = {isa = PBXBuildFile; fileRef = 979E02D318396BC500B932D9 /* SBJsonStreamWriter.m */; };
		979E02DD18396BC500B932D9 /* SBJsonStreamWriterState.m in Sources */ = {isa = PBXBuildFile; fileRef = 979E02D518396BC500B932D9 /* SBJsonStreamWriterState.m */; };
		979E02DE18396BC500B932D9 /* SBJsonWriter.m in Sources */ = {isa = PBXBuildFile; fileRef = 979E02D718396BC500B932D9 /* SBJsonWriter.m */; };
		97B6DE951825853D001AC9E3 /* LocalizationManager.m in Sources */ = {isa = PBXBuildFile; fileRef = 97B6DE941825853D001AC9E3 /* LocalizationManager.m */; };
		97F75083184A003E00E0CCAA /* TPKeyboardAvoidingCollectionView.m in Sources */ = {isa = PBXBuildFile; fileRef = 97F7507C184A003E00E0CCAA /* TPKeyboardAvoidingCollectionView.m */; };
		97F75084184A003E00E0CCAA /* TPKeyboardAvoidingScrollView.m in Sources */ = {isa = PBXBuildFile; fileRef = 97F7507E184A003E00E0CCAA /* TPKeyboardAvoidingScrollView.m */; };
		97F75085184A003E00E0CCAA /* TPKeyboardAvoidingTableView.m in Sources */ = {isa = PBXBuildFile; fileRef = 97F75080184A003E00E0CCAA /* TPKeyboardAvoidingTableView.m */; };
		97F75086184A003E00E0CCAA /* UIScrollView+TPKeyboardAvoidingAdditions.m in Sources */ = {isa = PBXBuildFile; fileRef = 97F75082184A003E00E0CCAA /* UIScrollView+TPKeyboardAvoidingAdditions.m */; };
/* End PBXBuildFile section */

/* Begin PBXContainerItemProxy section */
		4ECC061B182044F90000CD59 /* PBXContainerItemProxy */ = {
			isa = PBXContainerItemProxy;
			containerPortal = 4ECC05ED182044F80000CD59 /* Project object */;
			proxyType = 1;
			remoteGlobalIDString = 4ECC05F4182044F90000CD59;
			remoteInfo = MondoMeraviglioso;
		};
/* End PBXContainerItemProxy section */

/* Begin PBXFileReference section */
		4ECC05F5182044F90000CD59 /* MondoMeraviglioso.app */ = {isa = PBXFileReference; explicitFileType = wrapper.application; includeInIndex = 0; path = MondoMeraviglioso.app; sourceTree = BUILT_PRODUCTS_DIR; };
		4ECC05F8182044F90000CD59 /* Foundation.framework */ = {isa = PBXFileReference; lastKnownFileType = wrapper.framework; name = Foundation.framework; path = System/Library/Frameworks/Foundation.framework; sourceTree = SDKROOT; };
		4ECC05FA182044F90000CD59 /* CoreGraphics.framework */ = {isa = PBXFileReference; lastKnownFileType = wrapper.framework; name = CoreGraphics.framework; path = System/Library/Frameworks/CoreGraphics.framework; sourceTree = SDKROOT; };
		4ECC05FC182044F90000CD59 /* UIKit.framework */ = {isa = PBXFileReference; lastKnownFileType = wrapper.framework; name = UIKit.framework; path = System/Library/Frameworks/UIKit.framework; sourceTree = SDKROOT; };
		4ECC0600182044F90000CD59 /* MondoMeraviglioso-Info.plist */ = {isa = PBXFileReference; lastKnownFileType = text.plist.xml; path = "MondoMeraviglioso-Info.plist"; sourceTree = "<group>"; };
		4ECC0602182044F90000CD59 /* en */ = {isa = PBXFileReference; lastKnownFileType = text.plist.strings; name = en; path = en.lproj/InfoPlist.strings; sourceTree = "<group>"; };
		4ECC0604182044F90000CD59 /* main.m */ = {isa = PBXFileReference; lastKnownFileType = sourcecode.c.objc; path = main.m; sourceTree = "<group>"; };
		4ECC0606182044F90000CD59 /* MondoMeraviglioso-Prefix.pch */ = {isa = PBXFileReference; lastKnownFileType = sourcecode.c.h; path = "MondoMeraviglioso-Prefix.pch"; sourceTree = "<group>"; };
		4ECC0607182044F90000CD59 /* AppDelegate.h */ = {isa = PBXFileReference; lastKnownFileType = sourcecode.c.h; path = AppDelegate.h; sourceTree = "<group>"; };
		4ECC0608182044F90000CD59 /* AppDelegate.m */ = {isa = PBXFileReference; lastKnownFileType = sourcecode.c.objc; path = AppDelegate.m; sourceTree = "<group>"; };
		4ECC060B182044F90000CD59 /* Base */ = {isa = PBXFileReference; lastKnownFileType = file.storyboard; name = Base; path = Base.lproj/Main.storyboard; sourceTree = "<group>"; };
		4ECC060D182044F90000CD59 /* LoginViewController.h */ = {isa = PBXFileReference; lastKnownFileType = sourcecode.c.h; path = LoginViewController.h; sourceTree = "<group>"; };
		4ECC060E182044F90000CD59 /* LoginViewController.m */ = {isa = PBXFileReference; lastKnownFileType = sourcecode.c.objc; path = LoginViewController.m; sourceTree = "<group>"; };
		4ECC0610182044F90000CD59 /* Images.xcassets */ = {isa = PBXFileReference; lastKnownFileType = folder.assetcatalog; path = Images.xcassets; sourceTree = "<group>"; };
		4ECC0616182044F90000CD59 /* MondoMeravigliosoTests.xctest */ = {isa = PBXFileReference; explicitFileType = wrapper.cfbundle; includeInIndex = 0; path = MondoMeravigliosoTests.xctest; sourceTree = BUILT_PRODUCTS_DIR; };
		4ECC0617182044F90000CD59 /* XCTest.framework */ = {isa = PBXFileReference; lastKnownFileType = wrapper.framework; name = XCTest.framework; path = Library/Frameworks/XCTest.framework; sourceTree = DEVELOPER_DIR; };
		4ECC061F182044F90000CD59 /* MondoMeravigliosoTests-Info.plist */ = {isa = PBXFileReference; lastKnownFileType = text.plist.xml; path = "MondoMeravigliosoTests-Info.plist"; sourceTree = "<group>"; };
		4ECC0621182044F90000CD59 /* en */ = {isa = PBXFileReference; lastKnownFileType = text.plist.strings; name = en; path = en.lproj/InfoPlist.strings; sourceTree = "<group>"; };
		4ECC0623182044F90000CD59 /* MondoMeravigliosoTests.m */ = {isa = PBXFileReference; lastKnownFileType = sourcecode.c.objc; path = MondoMeravigliosoTests.m; sourceTree = "<group>"; };
		4ECC062E182053130000CD59 /* User.h */ = {isa = PBXFileReference; fileEncoding = 4; lastKnownFileType = sourcecode.c.h; path = User.h; sourceTree = "<group>"; };
		4ECC062F182053130000CD59 /* User.m */ = {isa = PBXFileReference; fileEncoding = 4; lastKnownFileType = sourcecode.c.objc; path = User.m; sourceTree = "<group>"; };
		4ECC0631182057B90000CD59 /* Location.h */ = {isa = PBXFileReference; fileEncoding = 4; lastKnownFileType = sourcecode.c.h; path = Location.h; sourceTree = "<group>"; };
		4ECC0632182057B90000CD59 /* Location.m */ = {isa = PBXFileReference; fileEncoding = 4; lastKnownFileType = sourcecode.c.objc; path = Location.m; sourceTree = "<group>"; };
		4ECC0637182062670000CD59 /* CreateCommand.h */ = {isa = PBXFileReference; fileEncoding = 4; lastKnownFileType = sourcecode.c.h; path = CreateCommand.h; sourceTree = "<group>"; };
		4ECC0638182062670000CD59 /* CreateCommand.m */ = {isa = PBXFileReference; fileEncoding = 4; lastKnownFileType = sourcecode.c.objc; path = CreateCommand.m; sourceTree = "<group>"; };
		4ECC063A18206BF10000CD59 /* LoginCommand.h */ = {isa = PBXFileReference; fileEncoding = 4; lastKnownFileType = sourcecode.c.h; path = LoginCommand.h; sourceTree = "<group>"; };
		4ECC063B18206BF10000CD59 /* LoginCommand.m */ = {isa = PBXFileReference; fileEncoding = 4; lastKnownFileType = sourcecode.c.objc; path = LoginCommand.m; sourceTree = "<group>"; };
		4ECC063D18206C0E0000CD59 /* UserService.h */ = {isa = PBXFileReference; fileEncoding = 4; lastKnownFileType = sourcecode.c.h; path = UserService.h; sourceTree = "<group>"; };
		4ECC063E18206C0E0000CD59 /* UserService.m */ = {isa = PBXFileReference; fileEncoding = 4; lastKnownFileType = sourcecode.c.objc; path = UserService.m; sourceTree = "<group>"; };
		4ED3C11A18490E28004BC61E /* UserDetailViewController.h */ = {isa = PBXFileReference; fileEncoding = 4; lastKnownFileType = sourcecode.c.h; path = UserDetailViewController.h; sourceTree = "<group>"; };
		4ED3C11B18490E28004BC61E /* UserDetailViewController.m */ = {isa = PBXFileReference; fileEncoding = 4; lastKnownFileType = sourcecode.c.objc; path = UserDetailViewController.m; sourceTree = "<group>"; };
		97094F0B1825934000A881BA /* MainViewController.h */ = {isa = PBXFileReference; fileEncoding = 4; lastKnownFileType = sourcecode.c.h; name = MainViewController.h; path = ../MainViewController.h; sourceTree = "<group>"; };
		97094F0C1825934000A881BA /* MainViewController.m */ = {isa = PBXFileReference; fileEncoding = 4; lastKnownFileType = sourcecode.c.objc; name = MainViewController.m; path = ../MainViewController.m; sourceTree = "<group>"; };
		972496941843F033008FC6DB /* NearestUsersViewController.h */ = {isa = PBXFileReference; fileEncoding = 4; lastKnownFileType = sourcecode.c.h; path = NearestUsersViewController.h; sourceTree = "<group>"; };
		972496951843F033008FC6DB /* NearestUsersViewController.m */ = {isa = PBXFileReference; fileEncoding = 4; lastKnownFileType = sourcecode.c.objc; path = NearestUsersViewController.m; sourceTree = "<group>"; };
		972496971843F850008FC6DB /* NearestUserCell.h */ = {isa = PBXFileReference; fileEncoding = 4; lastKnownFileType = sourcecode.c.h; path = NearestUserCell.h; sourceTree = "<group>"; };
		972496981843F850008FC6DB /* NearestUserCell.m */ = {isa = PBXFileReference; fileEncoding = 4; lastKnownFileType = sourcecode.c.objc; path = NearestUserCell.m; sourceTree = "<group>"; };
		9746C3CC1823C016009FDF0B /* GSRadioButtonSetController.h */ = {isa = PBXFileReference; fileEncoding = 4; lastKnownFileType = sourcecode.c.h; path = GSRadioButtonSetController.h; sourceTree = "<group>"; };
		9746C3CD1823C016009FDF0B /* GSRadioButtonSetController.m */ = {isa = PBXFileReference; fileEncoding = 4; lastKnownFileType = sourcecode.c.objc; path = GSRadioButtonSetController.m; sourceTree = "<group>"; };
		9746C3D01823C26D009FDF0B /* button-off.png */ = {isa = PBXFileReference; lastKnownFileType = image.png; path = "button-off.png"; sourceTree = "<group>"; };
		9746C3D11823C26D009FDF0B /* button-off@2x.png */ = {isa = PBXFileReference; lastKnownFileType = image.png; path = "button-off@2x.png"; sourceTree = "<group>"; };
		9746C3D21823C26D009FDF0B /* button-on.png */ = {isa = PBXFileReference; lastKnownFileType = image.png; path = "button-on.png"; sourceTree = "<group>"; };
		9746C3D31823C26D009FDF0B /* button-on@2x.png */ = {isa = PBXFileReference; lastKnownFileType = image.png; path = "button-on@2x.png"; sourceTree = "<group>"; };
		9746C3D818242181009FDF0B /* RegisterCommand.h */ = {isa = PBXFileReference; fileEncoding = 4; lastKnownFileType = sourcecode.c.h; path = RegisterCommand.h; sourceTree = "<group>"; };
		9746C3D918242181009FDF0B /* RegisterCommand.m */ = {isa = PBXFileReference; fileEncoding = 4; lastKnownFileType = sourcecode.c.objc; path = RegisterCommand.m; sourceTree = "<group>"; };
		9746C3DB1824219A009FDF0B /* UpdateCommand.h */ = {isa = PBXFileReference; fileEncoding = 4; lastKnownFileType = sourcecode.c.h; path = UpdateCommand.h; sourceTree = "<group>"; };
		9746C3DC1824219A009FDF0B /* UpdateCommand.m */ = {isa = PBXFileReference; fileEncoding = 4; lastKnownFileType = sourcecode.c.objc; path = UpdateCommand.m; sourceTree = "<group>"; };
		9746C3DE18242F81009FDF0B /* UserRepository.h */ = {isa = PBXFileReference; fileEncoding = 4; lastKnownFileType = sourcecode.c.h; path = UserRepository.h; sourceTree = "<group>"; };
		9746C3DF18242F82009FDF0B /* UserRepository.m */ = {isa = PBXFileReference; fileEncoding = 4; lastKnownFileType = sourcecode.c.objc; path = UserRepository.m; sourceTree = "<group>"; };
		9746C3E1182431EF009FDF0B /* CoreLocation.framework */ = {isa = PBXFileReference; lastKnownFileType = wrapper.framework; name = CoreLocation.framework; path = System/Library/Frameworks/CoreLocation.framework; sourceTree = SDKROOT; };
		974A4FD318512E6A009C9422 /* UserMessageListViewController.h */ = {isa = PBXFileReference; fileEncoding = 4; lastKnownFileType = sourcecode.c.h; path = UserMessageListViewController.h; sourceTree = "<group>"; };
		974A4FD418512E6A009C9422 /* UserMessageListViewController.m */ = {isa = PBXFileReference; fileEncoding = 4; lastKnownFileType = sourcecode.c.objc; path = UserMessageListViewController.m; sourceTree = "<group>"; };
		974C6E79185A5A19006616BA /* JsonClient.h */ = {isa = PBXFileReference; fileEncoding = 4; lastKnownFileType = sourcecode.c.h; path = JsonClient.h; sourceTree = "<group>"; };
		974C6E7A185A5A19006616BA /* JsonClient.m */ = {isa = PBXFileReference; fileEncoding = 4; lastKnownFileType = sourcecode.c.objc; path = JsonClient.m; sourceTree = "<group>"; };
		9762B5A0185126AA008884CB /* LocalizationHelper.h */ = {isa = PBXFileReference; fileEncoding = 4; lastKnownFileType = sourcecode.c.h; path = LocalizationHelper.h; sourceTree = "<group>"; };
		9762B5A1185126AA008884CB /* LocalizationHelper.m */ = {isa = PBXFileReference; fileEncoding = 4; lastKnownFileType = sourcecode.c.objc; path = LocalizationHelper.m; sourceTree = "<group>"; };
		9769DE4718230947003A6F50 /* RegisterViewController.h */ = {isa = PBXFileReference; fileEncoding = 4; lastKnownFileType = sourcecode.c.h; path = RegisterViewController.h; sourceTree = "<group>"; };
		9769DE4818230947003A6F50 /* RegisterViewController.m */ = {isa = PBXFileReference; fileEncoding = 4; lastKnownFileType = sourcecode.c.objc; path = RegisterViewController.m; sourceTree = "<group>"; };
		9769DE4C18230B25003A6F50 /* MIRadioButtonGroup.h */ = {isa = PBXFileReference; fileEncoding = 4; lastKnownFileType = sourcecode.c.h; path = MIRadioButtonGroup.h; sourceTree = "<group>"; };
		9769DE4D18230B25003A6F50 /* MIRadioButtonGroup.m */ = {isa = PBXFileReference; fileEncoding = 4; lastKnownFileType = sourcecode.c.objc; path = MIRadioButtonGroup.m; sourceTree = "<group>"; };
		9769DE4E18230B25003A6F50 /* MIRadioButtonGroupAppDelegate.h */ = {isa = PBXFileReference; fileEncoding = 4; lastKnownFileType = sourcecode.c.h; path = MIRadioButtonGroupAppDelegate.h; sourceTree = "<group>"; };
		9769DE4F18230B25003A6F50 /* MIRadioButtonGroupAppDelegate.m */ = {isa = PBXFileReference; fileEncoding = 4; lastKnownFileType = sourcecode.c.objc; path = MIRadioButtonGroupAppDelegate.m; sourceTree = "<group>"; };
		9769DE5018230B25003A6F50 /* radio-off.png */ = {isa = PBXFileReference; lastKnownFileType = image.png; path = "radio-off.png"; sourceTree = "<group>"; };
		9769DE5118230B25003A6F50 /* radio-on.png */ = {isa = PBXFileReference; lastKnownFileType = image.png; path = "radio-on.png"; sourceTree = "<group>"; };
		979E02C6183913FA00B932D9 /* MapKit.framework */ = {isa = PBXFileReference; lastKnownFileType = wrapper.framework; name = MapKit.framework; path = System/Library/Frameworks/MapKit.framework; sourceTree = SDKROOT; };
		979E02C918396BC500B932D9 /* SBJson.h */ = {isa = PBXFileReference; fileEncoding = 4; lastKnownFileType = sourcecode.c.h; path = SBJson.h; sourceTree = "<group>"; };
		979E02CA18396BC500B932D9 /* SBJsonParser.h */ = {isa = PBXFileReference; fileEncoding = 4; lastKnownFileType = sourcecode.c.h; path = SBJsonParser.h; sourceTree = "<group>"; };
		979E02CB18396BC500B932D9 /* SBJsonParser.m */ = {isa = PBXFileReference; fileEncoding = 4; lastKnownFileType = sourcecode.c.objc; path = SBJsonParser.m; sourceTree = "<group>"; };
		979E02CC18396BC500B932D9 /* SBJsonStreamParser.h */ = {isa = PBXFileReference; fileEncoding = 4; lastKnownFileType = sourcecode.c.h; path = SBJsonStreamParser.h; sourceTree = "<group>"; };
		979E02CD18396BC500B932D9 /* SBJsonStreamParser.m */ = {isa = PBXFileReference; fileEncoding = 4; lastKnownFileType = sourcecode.c.objc; path = SBJsonStreamParser.m; sourceTree = "<group>"; };
		979E02CE18396BC500B932D9 /* SBJsonStreamParserState.h */ = {isa = PBXFileReference; fileEncoding = 4; lastKnownFileType = sourcecode.c.h; path = SBJsonStreamParserState.h; sourceTree = "<group>"; };
		979E02CF18396BC500B932D9 /* SBJsonStreamParserState.m */ = {isa = PBXFileReference; fileEncoding = 4; lastKnownFileType = sourcecode.c.objc; path = SBJsonStreamParserState.m; sourceTree = "<group>"; };
		979E02D018396BC500B932D9 /* SBJsonStreamTokeniser.h */ = {isa = PBXFileReference; fileEncoding = 4; lastKnownFileType = sourcecode.c.h; path = SBJsonStreamTokeniser.h; sourceTree = "<group>"; };
		979E02D118396BC500B932D9 /* SBJsonStreamTokeniser.m */ = {isa = PBXFileReference; fileEncoding = 4; lastKnownFileType = sourcecode.c.objc; path = SBJsonStreamTokeniser.m; sourceTree = "<group>"; };
		979E02D218396BC500B932D9 /* SBJsonStreamWriter.h */ = {isa = PBXFileReference; fileEncoding = 4; lastKnownFileType = sourcecode.c.h; path = SBJsonStreamWriter.h; sourceTree = "<group>"; };
		979E02D318396BC500B932D9 /* SBJsonStreamWriter.m */ = {isa = PBXFileReference; fileEncoding = 4; lastKnownFileType = sourcecode.c.objc; path = SBJsonStreamWriter.m; sourceTree = "<group>"; };
		979E02D418396BC500B932D9 /* SBJsonStreamWriterState.h */ = {isa = PBXFileReference; fileEncoding = 4; lastKnownFileType = sourcecode.c.h; path = SBJsonStreamWriterState.h; sourceTree = "<group>"; };
		979E02D518396BC500B932D9 /* SBJsonStreamWriterState.m */ = {isa = PBXFileReference; fileEncoding = 4; lastKnownFileType = sourcecode.c.objc; path = SBJsonStreamWriterState.m; sourceTree = "<group>"; };
		979E02D618396BC500B932D9 /* SBJsonWriter.h */ = {isa = PBXFileReference; fileEncoding = 4; lastKnownFileType = sourcecode.c.h; path = SBJsonWriter.h; sourceTree = "<group>"; };
		979E02D718396BC500B932D9 /* SBJsonWriter.m */ = {isa = PBXFileReference; fileEncoding = 4; lastKnownFileType = sourcecode.c.objc; path = SBJsonWriter.m; sourceTree = "<group>"; };
		97B6DE931825853D001AC9E3 /* LocalizationManager.h */ = {isa = PBXFileReference; fileEncoding = 4; lastKnownFileType = sourcecode.c.h; path = LocalizationManager.h; sourceTree = "<group>"; };
		97B6DE941825853D001AC9E3 /* LocalizationManager.m */ = {isa = PBXFileReference; fileEncoding = 4; lastKnownFileType = sourcecode.c.objc; path = LocalizationManager.m; sourceTree = "<group>"; };
		97F7507B184A003E00E0CCAA /* TPKeyboardAvoidingCollectionView.h */ = {isa = PBXFileReference; fileEncoding = 4; lastKnownFileType = sourcecode.c.h; path = TPKeyboardAvoidingCollectionView.h; sourceTree = "<group>"; };
		97F7507C184A003E00E0CCAA /* TPKeyboardAvoidingCollectionView.m */ = {isa = PBXFileReference; fileEncoding = 4; lastKnownFileType = sourcecode.c.objc; path = TPKeyboardAvoidingCollectionView.m; sourceTree = "<group>"; };
		97F7507D184A003E00E0CCAA /* TPKeyboardAvoidingScrollView.h */ = {isa = PBXFileReference; fileEncoding = 4; lastKnownFileType = sourcecode.c.h; path = TPKeyboardAvoidingScrollView.h; sourceTree = "<group>"; };
		97F7507E184A003E00E0CCAA /* TPKeyboardAvoidingScrollView.m */ = {isa = PBXFileReference; fileEncoding = 4; lastKnownFileType = sourcecode.c.objc; path = TPKeyboardAvoidingScrollView.m; sourceTree = "<group>"; };
		97F7507F184A003E00E0CCAA /* TPKeyboardAvoidingTableView.h */ = {isa = PBXFileReference; fileEncoding = 4; lastKnownFileType = sourcecode.c.h; path = TPKeyboardAvoidingTableView.h; sourceTree = "<group>"; };
		97F75080184A003E00E0CCAA /* TPKeyboardAvoidingTableView.m */ = {isa = PBXFileReference; fileEncoding = 4; lastKnownFileType = sourcecode.c.objc; path = TPKeyboardAvoidingTableView.m; sourceTree = "<group>"; };
		97F75081184A003E00E0CCAA /* UIScrollView+TPKeyboardAvoidingAdditions.h */ = {isa = PBXFileReference; fileEncoding = 4; lastKnownFileType = sourcecode.c.h; path = "UIScrollView+TPKeyboardAvoidingAdditions.h"; sourceTree = "<group>"; };
		97F75082184A003E00E0CCAA /* UIScrollView+TPKeyboardAvoidingAdditions.m */ = {isa = PBXFileReference; fileEncoding = 4; lastKnownFileType = sourcecode.c.objc; path = "UIScrollView+TPKeyboardAvoidingAdditions.m"; sourceTree = "<group>"; };
/* End PBXFileReference section */

/* Begin PBXFrameworksBuildPhase section */
		4ECC05F2182044F90000CD59 /* Frameworks */ = {
			isa = PBXFrameworksBuildPhase;
			buildActionMask = 2147483647;
			files = (
				979E02C7183913FA00B932D9 /* MapKit.framework in Frameworks */,
				9746C3E2182431EF009FDF0B /* CoreLocation.framework in Frameworks */,
				4ECC05FB182044F90000CD59 /* CoreGraphics.framework in Frameworks */,
				4ECC05FD182044F90000CD59 /* UIKit.framework in Frameworks */,
				4ECC05F9182044F90000CD59 /* Foundation.framework in Frameworks */,
			);
			runOnlyForDeploymentPostprocessing = 0;
		};
		4ECC0613182044F90000CD59 /* Frameworks */ = {
			isa = PBXFrameworksBuildPhase;
			buildActionMask = 2147483647;
			files = (
				4ECC0618182044F90000CD59 /* XCTest.framework in Frameworks */,
				4ECC061A182044F90000CD59 /* UIKit.framework in Frameworks */,
				4ECC0619182044F90000CD59 /* Foundation.framework in Frameworks */,
			);
			runOnlyForDeploymentPostprocessing = 0;
		};
/* End PBXFrameworksBuildPhase section */

/* Begin PBXGroup section */
		4ECC05EC182044F80000CD59 = {
			isa = PBXGroup;
			children = (
				97F75087184A007300E0CCAA /* Libraries */,
				4ECC05FE182044F90000CD59 /* MondoMeraviglioso */,
				4ECC061D182044F90000CD59 /* MondoMeravigliosoTests */,
				4ECC05F7182044F90000CD59 /* Frameworks */,
				4ECC05F6182044F90000CD59 /* Products */,
			);
			sourceTree = "<group>";
		};
		4ECC05F6182044F90000CD59 /* Products */ = {
			isa = PBXGroup;
			children = (
				4ECC05F5182044F90000CD59 /* MondoMeraviglioso.app */,
				4ECC0616182044F90000CD59 /* MondoMeravigliosoTests.xctest */,
			);
			name = Products;
			sourceTree = "<group>";
		};
		4ECC05F7182044F90000CD59 /* Frameworks */ = {
			isa = PBXGroup;
			children = (
				979E02C6183913FA00B932D9 /* MapKit.framework */,
				9746C3E1182431EF009FDF0B /* CoreLocation.framework */,
				4ECC05F8182044F90000CD59 /* Foundation.framework */,
				4ECC05FA182044F90000CD59 /* CoreGraphics.framework */,
				4ECC05FC182044F90000CD59 /* UIKit.framework */,
				4ECC0617182044F90000CD59 /* XCTest.framework */,
			);
			name = Frameworks;
			sourceTree = "<group>";
		};
		4ECC05FE182044F90000CD59 /* MondoMeraviglioso */ = {
			isa = PBXGroup;
			children = (
				974C6E78185A59C0006616BA /* Infrastructure */,
				4ED3C11D184913D9004BC61E /* Presentation */,
				4ECC0607182044F90000CD59 /* AppDelegate.h */,
				4ECC0608182044F90000CD59 /* AppDelegate.m */,
				4ECC0610182044F90000CD59 /* Images.xcassets */,
				97B6DE921825851C001AC9E3 /* Localizations */,
				4ECC05FF182044F90000CD59 /* Supporting Files */,
				4ECC062D1820521B0000CD59 /* Users */,
			);
			path = MondoMeraviglioso;
			sourceTree = "<group>";
		};
		4ECC05FF182044F90000CD59 /* Supporting Files */ = {
			isa = PBXGroup;
			children = (
				4ECC0600182044F90000CD59 /* MondoMeraviglioso-Info.plist */,
				4ECC0601182044F90000CD59 /* InfoPlist.strings */,
				4ECC0604182044F90000CD59 /* main.m */,
				4ECC0606182044F90000CD59 /* MondoMeraviglioso-Prefix.pch */,
			);
			name = "Supporting Files";
			sourceTree = "<group>";
		};
		4ECC061D182044F90000CD59 /* MondoMeravigliosoTests */ = {
			isa = PBXGroup;
			children = (
				4ECC0623182044F90000CD59 /* MondoMeravigliosoTests.m */,
				4ECC061E182044F90000CD59 /* Supporting Files */,
			);
			path = MondoMeravigliosoTests;
			sourceTree = "<group>";
		};
		4ECC061E182044F90000CD59 /* Supporting Files */ = {
			isa = PBXGroup;
			children = (
				4ECC061F182044F90000CD59 /* MondoMeravigliosoTests-Info.plist */,
				4ECC0620182044F90000CD59 /* InfoPlist.strings */,
			);
			name = "Supporting Files";
			sourceTree = "<group>";
		};
		4ECC062D1820521B0000CD59 /* Users */ = {
			isa = PBXGroup;
			children = (
				4ECC062E182053130000CD59 /* User.h */,
				4ECC062F182053130000CD59 /* User.m */,
				4ECC0631182057B90000CD59 /* Location.h */,
				4ECC0632182057B90000CD59 /* Location.m */,
				4ECC0637182062670000CD59 /* CreateCommand.h */,
				4ECC0638182062670000CD59 /* CreateCommand.m */,
				4ECC063A18206BF10000CD59 /* LoginCommand.h */,
				4ECC063B18206BF10000CD59 /* LoginCommand.m */,
				4ECC063D18206C0E0000CD59 /* UserService.h */,
				4ECC063E18206C0E0000CD59 /* UserService.m */,
				9746C3D818242181009FDF0B /* RegisterCommand.h */,
				9746C3D918242181009FDF0B /* RegisterCommand.m */,
				9746C3DB1824219A009FDF0B /* UpdateCommand.h */,
				9746C3DC1824219A009FDF0B /* UpdateCommand.m */,
				9746C3DE18242F81009FDF0B /* UserRepository.h */,
				9746C3DF18242F82009FDF0B /* UserRepository.m */,
			);
			name = Users;
			sourceTree = "<group>";
		};
		4ED3C11D184913D9004BC61E /* Presentation */ = {
			isa = PBXGroup;
			children = (
				974A4FD218512E20009C9422 /* UserMessageList */,
				97094F0B1825934000A881BA /* MainViewController.h */,
				97094F0C1825934000A881BA /* MainViewController.m */,
				4ED3C12118491864004BC61E /* UserDetail */,
				4ECC060A182044F90000CD59 /* Main.storyboard */,
				4ED3C120184914C8004BC61E /* NearestUsers */,
				4ED3C11F184914B2004BC61E /* Login */,
				4ED3C11E1849142D004BC61E /* Register */,
			);
			name = Presentation;
			sourceTree = "<group>";
		};
		4ED3C11E1849142D004BC61E /* Register */ = {
			isa = PBXGroup;
			children = (
				9769DE4718230947003A6F50 /* RegisterViewController.h */,
				9769DE4818230947003A6F50 /* RegisterViewController.m */,
			);
			name = Register;
			sourceTree = "<group>";
		};
		4ED3C11F184914B2004BC61E /* Login */ = {
			isa = PBXGroup;
			children = (
				4ECC060D182044F90000CD59 /* LoginViewController.h */,
				4ECC060E182044F90000CD59 /* LoginViewController.m */,
			);
			name = Login;
			sourceTree = "<group>";
		};
		4ED3C120184914C8004BC61E /* NearestUsers */ = {
			isa = PBXGroup;
			children = (
				972496941843F033008FC6DB /* NearestUsersViewController.h */,
				972496951843F033008FC6DB /* NearestUsersViewController.m */,
				972496971843F850008FC6DB /* NearestUserCell.h */,
				972496981843F850008FC6DB /* NearestUserCell.m */,
			);
			name = NearestUsers;
			sourceTree = "<group>";
		};
		4ED3C12118491864004BC61E /* UserDetail */ = {
			isa = PBXGroup;
			children = (
				4ED3C11A18490E28004BC61E /* UserDetailViewController.h */,
				4ED3C11B18490E28004BC61E /* UserDetailViewController.m */,
			);
			name = UserDetail;
			sourceTree = "<group>";
		};
		9746C3CF1823C030009FDF0B /* GSRadioButtonSetController */ = {
			isa = PBXGroup;
			children = (
				9746C3D01823C26D009FDF0B /* button-off.png */,
				9746C3D11823C26D009FDF0B /* button-off@2x.png */,
				9746C3D21823C26D009FDF0B /* button-on.png */,
				9746C3D31823C26D009FDF0B /* button-on@2x.png */,
				9746C3CD1823C016009FDF0B /* GSRadioButtonSetController.m */,
				9746C3CC1823C016009FDF0B /* GSRadioButtonSetController.h */,
			);
			name = GSRadioButtonSetController;
			path = MondoMeraviglioso;
			sourceTree = "<group>";
		};
		974A4FD218512E20009C9422 /* UserMessageList */ = {
			isa = PBXGroup;
			children = (
				974A4FD318512E6A009C9422 /* UserMessageListViewController.h */,
				974A4FD418512E6A009C9422 /* UserMessageListViewController.m */,
			);
			name = UserMessageList;
			sourceTree = "<group>";
		};
		974C6E78185A59C0006616BA /* Infrastructure */ = {
			isa = PBXGroup;
			children = (
				974C6E79185A5A19006616BA /* JsonClient.h */,
				974C6E7A185A5A19006616BA /* JsonClient.m */,
			);
			name = Infrastructure;
			sourceTree = "<group>";
		};
		9769DE4B18230B05003A6F50 /* RadioButtons */ = {
			isa = PBXGroup;
			children = (
				9769DE4C18230B25003A6F50 /* MIRadioButtonGroup.h */,
				9769DE4D18230B25003A6F50 /* MIRadioButtonGroup.m */,
				9769DE4E18230B25003A6F50 /* MIRadioButtonGroupAppDelegate.h */,
				9769DE4F18230B25003A6F50 /* MIRadioButtonGroupAppDelegate.m */,
				9769DE5018230B25003A6F50 /* radio-off.png */,
				9769DE5118230B25003A6F50 /* radio-on.png */,
			);
			name = RadioButtons;
			path = MondoMeraviglioso;
			sourceTree = "<group>";
		};
		979E02C818396BC500B932D9 /* SBJson */ = {
			isa = PBXGroup;
			children = (
				979E02C918396BC500B932D9 /* SBJson.h */,
				979E02CA18396BC500B932D9 /* SBJsonParser.h */,
				979E02CB18396BC500B932D9 /* SBJsonParser.m */,
				979E02CC18396BC500B932D9 /* SBJsonStreamParser.h */,
				979E02CD18396BC500B932D9 /* SBJsonStreamParser.m */,
				979E02CE18396BC500B932D9 /* SBJsonStreamParserState.h */,
				979E02CF18396BC500B932D9 /* SBJsonStreamParserState.m */,
				979E02D018396BC500B932D9 /* SBJsonStreamTokeniser.h */,
				979E02D118396BC500B932D9 /* SBJsonStreamTokeniser.m */,
				979E02D218396BC500B932D9 /* SBJsonStreamWriter.h */,
				979E02D318396BC500B932D9 /* SBJsonStreamWriter.m */,
				979E02D418396BC500B932D9 /* SBJsonStreamWriterState.h */,
				979E02D518396BC500B932D9 /* SBJsonStreamWriterState.m */,
				979E02D618396BC500B932D9 /* SBJsonWriter.h */,
				979E02D718396BC500B932D9 /* SBJsonWriter.m */,
			);
			path = SBJson;
			sourceTree = "<group>";
		};
		97B6DE921825851C001AC9E3 /* Localizations */ = {
			isa = PBXGroup;
			children = (
				97B6DE931825853D001AC9E3 /* LocalizationManager.h */,
				97B6DE941825853D001AC9E3 /* LocalizationManager.m */,
				9762B5A0185126AA008884CB /* LocalizationHelper.h */,
				9762B5A1185126AA008884CB /* LocalizationHelper.m */,
			);
			name = Localizations;
			sourceTree = "<group>";
		};
		97F7507A184A003E00E0CCAA /* TPKeyboardAvoiding */ = {
			isa = PBXGroup;
			children = (
				97F7507B184A003E00E0CCAA /* TPKeyboardAvoidingCollectionView.h */,
				97F7507C184A003E00E0CCAA /* TPKeyboardAvoidingCollectionView.m */,
				97F7507D184A003E00E0CCAA /* TPKeyboardAvoidingScrollView.h */,
				97F7507E184A003E00E0CCAA /* TPKeyboardAvoidingScrollView.m */,
				97F7507F184A003E00E0CCAA /* TPKeyboardAvoidingTableView.h */,
				97F75080184A003E00E0CCAA /* TPKeyboardAvoidingTableView.m */,
				97F75081184A003E00E0CCAA /* UIScrollView+TPKeyboardAvoidingAdditions.h */,
				97F75082184A003E00E0CCAA /* UIScrollView+TPKeyboardAvoidingAdditions.m */,
			);
			path = TPKeyboardAvoiding;
			sourceTree = "<group>";
		};
		97F75087184A007300E0CCAA /* Libraries */ = {
			isa = PBXGroup;
			children = (
				9769DE4B18230B05003A6F50 /* RadioButtons */,
				9746C3CF1823C030009FDF0B /* GSRadioButtonSetController */,
				979E02C818396BC500B932D9 /* SBJson */,
				97F7507A184A003E00E0CCAA /* TPKeyboardAvoiding */,
			);
			name = Libraries;
			sourceTree = "<group>";
		};
/* End PBXGroup section */

/* Begin PBXNativeTarget section */
		4ECC05F4182044F90000CD59 /* MondoMeraviglioso */ = {
			isa = PBXNativeTarget;
			buildConfigurationList = 4ECC0627182044F90000CD59 /* Build configuration list for PBXNativeTarget "MondoMeraviglioso" */;
			buildPhases = (
				4ECC05F1182044F90000CD59 /* Sources */,
				4ECC05F2182044F90000CD59 /* Frameworks */,
				4ECC05F3182044F90000CD59 /* Resources */,
			);
			buildRules = (
			);
			dependencies = (
			);
			name = MondoMeraviglioso;
			productName = MondoMeraviglioso;
			productReference = 4ECC05F5182044F90000CD59 /* MondoMeraviglioso.app */;
			productType = "com.apple.product-type.application";
		};
		4ECC0615182044F90000CD59 /* MondoMeravigliosoTests */ = {
			isa = PBXNativeTarget;
			buildConfigurationList = 4ECC062A182044F90000CD59 /* Build configuration list for PBXNativeTarget "MondoMeravigliosoTests" */;
			buildPhases = (
				4ECC0612182044F90000CD59 /* Sources */,
				4ECC0613182044F90000CD59 /* Frameworks */,
				4ECC0614182044F90000CD59 /* Resources */,
			);
			buildRules = (
			);
			dependencies = (
				4ECC061C182044F90000CD59 /* PBXTargetDependency */,
			);
			name = MondoMeravigliosoTests;
			productName = MondoMeravigliosoTests;
			productReference = 4ECC0616182044F90000CD59 /* MondoMeravigliosoTests.xctest */;
			productType = "com.apple.product-type.bundle.unit-test";
		};
/* End PBXNativeTarget section */

/* Begin PBXProject section */
		4ECC05ED182044F80000CD59 /* Project object */ = {
			isa = PBXProject;
			attributes = {
				LastUpgradeCheck = 0500;
				ORGANIZATIONNAME = WebProfessor;
				TargetAttributes = {
					4ECC05F4182044F90000CD59 = {
						DevelopmentTeam = 46YW755342;
					};
					4ECC0615182044F90000CD59 = {
						TestTargetID = 4ECC05F4182044F90000CD59;
					};
				};
			};
			buildConfigurationList = 4ECC05F0182044F80000CD59 /* Build configuration list for PBXProject "MondoMeraviglioso" */;
			compatibilityVersion = "Xcode 3.2";
			developmentRegion = English;
			hasScannedForEncodings = 0;
			knownRegions = (
				en,
				Base,
			);
			mainGroup = 4ECC05EC182044F80000CD59;
			productRefGroup = 4ECC05F6182044F90000CD59 /* Products */;
			projectDirPath = "";
			projectRoot = "";
			targets = (
				4ECC05F4182044F90000CD59 /* MondoMeraviglioso */,
				4ECC0615182044F90000CD59 /* MondoMeravigliosoTests */,
			);
		};
/* End PBXProject section */

/* Begin PBXResourcesBuildPhase section */
		4ECC05F3182044F90000CD59 /* Resources */ = {
			isa = PBXResourcesBuildPhase;
			buildActionMask = 2147483647;
			files = (
				4ECC0611182044F90000CD59 /* Images.xcassets in Resources */,
				4ECC0603182044F90000CD59 /* InfoPlist.strings in Resources */,
				9746C3D71823C26D009FDF0B /* button-on@2x.png in Resources */,
				4ECC060C182044F90000CD59 /* Main.storyboard in Resources */,
				9746C3D41823C26D009FDF0B /* button-off.png in Resources */,
				9746C3D51823C26D009FDF0B /* button-off@2x.png in Resources */,
				9769DE5518230B25003A6F50 /* radio-on.png in Resources */,
				9746C3D61823C26D009FDF0B /* button-on.png in Resources */,
				9769DE5418230B25003A6F50 /* radio-off.png in Resources */,
			);
			runOnlyForDeploymentPostprocessing = 0;
		};
		4ECC0614182044F90000CD59 /* Resources */ = {
			isa = PBXResourcesBuildPhase;
			buildActionMask = 2147483647;
			files = (
				4ECC0622182044F90000CD59 /* InfoPlist.strings in Resources */,
			);
			runOnlyForDeploymentPostprocessing = 0;
		};
/* End PBXResourcesBuildPhase section */

/* Begin PBXSourcesBuildPhase section */
		4ECC05F1182044F90000CD59 /* Sources */ = {
			isa = PBXSourcesBuildPhase;
			buildActionMask = 2147483647;
			files = (
				9769DE5318230B25003A6F50 /* MIRadioButtonGroupAppDelegate.m in Sources */,
				4ECC063F18206C0E0000CD59 /* UserService.m in Sources */,
				4ECC063C18206BF10000CD59 /* LoginCommand.m in Sources */,
				972496991843F850008FC6DB /* NearestUserCell.m in Sources */,
				4ECC0630182053130000CD59 /* User.m in Sources */,
				97B6DE951825853D001AC9E3 /* LocalizationManager.m in Sources */,
				97F75083184A003E00E0CCAA /* TPKeyboardAvoidingCollectionView.m in Sources */,
				9746C3CE1823C016009FDF0B /* GSRadioButtonSetController.m in Sources */,
				979E02DB18396BC500B932D9 /* SBJsonStreamTokeniser.m in Sources */,
				97F75084184A003E00E0CCAA /* TPKeyboardAvoidingScrollView.m in Sources */,
				9746C3DA18242181009FDF0B /* RegisterCommand.m in Sources */,
				97094F0D1825934000A881BA /* MainViewController.m in Sources */,
				979E02DC18396BC500B932D9 /* SBJsonStreamWriter.m in Sources */,
				4ECC0633182057B90000CD59 /* Location.m in Sources */,
				979E02DD18396BC500B932D9 /* SBJsonStreamWriterState.m in Sources */,
				979E02D918396BC500B932D9 /* SBJsonStreamParser.m in Sources */,
				979E02DE18396BC500B932D9 /* SBJsonWriter.m in Sources */,
				9769DE4918230947003A6F50 /* RegisterViewController.m in Sources */,
				4ED3C11C18490E28004BC61E /* UserDetailViewController.m in Sources */,
				972496961843F033008FC6DB /* NearestUsersViewController.m in Sources */,
				9746C3E018242F82009FDF0B /* UserRepository.m in Sources */,
				974A4FD518512E6A009C9422 /* UserMessageListViewController.m in Sources */,
				97F75085184A003E00E0CCAA /* TPKeyboardAvoidingTableView.m in Sources */,
				9769DE5218230B25003A6F50 /* MIRadioButtonGroup.m in Sources */,
				979E02DA18396BC500B932D9 /* SBJsonStreamParserState.m in Sources */,
				9762B5A2185126AB008884CB /* LocalizationHelper.m in Sources */,
				4ECC060F182044F90000CD59 /* LoginViewController.m in Sources */,
				9746C3DD1824219A009FDF0B /* UpdateCommand.m in Sources */,
				4ECC0609182044F90000CD59 /* AppDelegate.m in Sources */,
				97F75086184A003E00E0CCAA /* UIScrollView+TPKeyboardAvoidingAdditions.m in Sources */,
				979E02D818396BC500B932D9 /* SBJsonParser.m in Sources */,
				4ECC0639182062670000CD59 /* CreateCommand.m in Sources */,
				974C6E7B185A5A19006616BA /* JsonClient.m in Sources */,
				4ECC0605182044F90000CD59 /* main.m in Sources */,
			);
			runOnlyForDeploymentPostprocessing = 0;
		};
		4ECC0612182044F90000CD59 /* Sources */ = {
			isa = PBXSourcesBuildPhase;
			buildActionMask = 2147483647;
			files = (
				4ECC0624182044F90000CD59 /* MondoMeravigliosoTests.m in Sources */,
			);
			runOnlyForDeploymentPostprocessing = 0;
		};
/* End PBXSourcesBuildPhase section */

/* Begin PBXTargetDependency section */
		4ECC061C182044F90000CD59 /* PBXTargetDependency */ = {
			isa = PBXTargetDependency;
			target = 4ECC05F4182044F90000CD59 /* MondoMeraviglioso */;
			targetProxy = 4ECC061B182044F90000CD59 /* PBXContainerItemProxy */;
		};
/* End PBXTargetDependency section */

/* Begin PBXVariantGroup section */
		4ECC0601182044F90000CD59 /* InfoPlist.strings */ = {
			isa = PBXVariantGroup;
			children = (
				4ECC0602182044F90000CD59 /* en */,
			);
			name = InfoPlist.strings;
			sourceTree = "<group>";
		};
		4ECC060A182044F90000CD59 /* Main.storyboard */ = {
			isa = PBXVariantGroup;
			children = (
				4ECC060B182044F90000CD59 /* Base */,
			);
			name = Main.storyboard;
			sourceTree = "<group>";
		};
		4ECC0620182044F90000CD59 /* InfoPlist.strings */ = {
			isa = PBXVariantGroup;
			children = (
				4ECC0621182044F90000CD59 /* en */,
			);
			name = InfoPlist.strings;
			sourceTree = "<group>";
		};
/* End PBXVariantGroup section */

/* Begin XCBuildConfiguration section */
		4ECC0625182044F90000CD59 /* Debug */ = {
			isa = XCBuildConfiguration;
			buildSettings = {
				ALWAYS_SEARCH_USER_PATHS = NO;
				ARCHS = "$(ARCHS_STANDARD_INCLUDING_64_BIT)";
				CLANG_CXX_LANGUAGE_STANDARD = "gnu++0x";
				CLANG_CXX_LIBRARY = "libc++";
				CLANG_ENABLE_MODULES = YES;
				CLANG_ENABLE_OBJC_ARC = YES;
				CLANG_WARN_BOOL_CONVERSION = YES;
				CLANG_WARN_CONSTANT_CONVERSION = YES;
				CLANG_WARN_DIRECT_OBJC_ISA_USAGE = YES_ERROR;
				CLANG_WARN_EMPTY_BODY = YES;
				CLANG_WARN_ENUM_CONVERSION = YES;
				CLANG_WARN_INT_CONVERSION = YES;
				CLANG_WARN_OBJC_ROOT_CLASS = YES_ERROR;
				CLANG_WARN__DUPLICATE_METHOD_MATCH = YES;
				"CODE_SIGN_IDENTITY[sdk=iphoneos*]" = "iPhone Developer";
				COPY_PHASE_STRIP = NO;
				GCC_C_LANGUAGE_STANDARD = gnu99;
				GCC_DYNAMIC_NO_PIC = NO;
				GCC_OPTIMIZATION_LEVEL = 0;
				GCC_PREPROCESSOR_DEFINITIONS = (
					"DEBUG=1",
					"$(inherited)",
				);
				GCC_SYMBOLS_PRIVATE_EXTERN = NO;
				GCC_WARN_64_TO_32_BIT_CONVERSION = YES;
				GCC_WARN_ABOUT_RETURN_TYPE = YES_ERROR;
				GCC_WARN_UNDECLARED_SELECTOR = YES;
				GCC_WARN_UNINITIALIZED_AUTOS = YES;
				GCC_WARN_UNUSED_FUNCTION = YES;
				GCC_WARN_UNUSED_VARIABLE = YES;
				IPHONEOS_DEPLOYMENT_TARGET = 7.0;
				ONLY_ACTIVE_ARCH = YES;
				SDKROOT = iphoneos;
			};
			name = Debug;
		};
		4ECC0626182044F90000CD59 /* Release */ = {
			isa = XCBuildConfiguration;
			buildSettings = {
				ALWAYS_SEARCH_USER_PATHS = NO;
				ARCHS = "$(ARCHS_STANDARD_INCLUDING_64_BIT)";
				CLANG_CXX_LANGUAGE_STANDARD = "gnu++0x";
				CLANG_CXX_LIBRARY = "libc++";
				CLANG_ENABLE_MODULES = YES;
				CLANG_ENABLE_OBJC_ARC = YES;
				CLANG_WARN_BOOL_CONVERSION = YES;
				CLANG_WARN_CONSTANT_CONVERSION = YES;
				CLANG_WARN_DIRECT_OBJC_ISA_USAGE = YES_ERROR;
				CLANG_WARN_EMPTY_BODY = YES;
				CLANG_WARN_ENUM_CONVERSION = YES;
				CLANG_WARN_INT_CONVERSION = YES;
				CLANG_WARN_OBJC_ROOT_CLASS = YES_ERROR;
				CLANG_WARN__DUPLICATE_METHOD_MATCH = YES;
				"CODE_SIGN_IDENTITY[sdk=iphoneos*]" = "iPhone Developer";
				COPY_PHASE_STRIP = YES;
				ENABLE_NS_ASSERTIONS = NO;
				GCC_C_LANGUAGE_STANDARD = gnu99;
				GCC_WARN_64_TO_32_BIT_CONVERSION = YES;
				GCC_WARN_ABOUT_RETURN_TYPE = YES_ERROR;
				GCC_WARN_UNDECLARED_SELECTOR = YES;
				GCC_WARN_UNINITIALIZED_AUTOS = YES;
				GCC_WARN_UNUSED_FUNCTION = YES;
				GCC_WARN_UNUSED_VARIABLE = YES;
				IPHONEOS_DEPLOYMENT_TARGET = 7.0;
				SDKROOT = iphoneos;
				VALIDATE_PRODUCT = YES;
			};
			name = Release;
		};
		4ECC0628182044F90000CD59 /* Debug */ = {
			isa = XCBuildConfiguration;
			buildSettings = {
				ASSETCATALOG_COMPILER_APPICON_NAME = AppIcon;
				ASSETCATALOG_COMPILER_LAUNCHIMAGE_NAME = LaunchImage;
				CODE_SIGN_IDENTITY = "iPhone Developer";
				GCC_PRECOMPILE_PREFIX_HEADER = YES;
				GCC_PREFIX_HEADER = "MondoMeraviglioso/MondoMeraviglioso-Prefix.pch";
				INFOPLIST_FILE = "MondoMeraviglioso/MondoMeraviglioso-Info.plist";
				PRODUCT_NAME = "$(TARGET_NAME)";
				WRAPPER_EXTENSION = app;
			};
			name = Debug;
		};
		4ECC0629182044F90000CD59 /* Release */ = {
			isa = XCBuildConfiguration;
			buildSettings = {
				ASSETCATALOG_COMPILER_APPICON_NAME = AppIcon;
				ASSETCATALOG_COMPILER_LAUNCHIMAGE_NAME = LaunchImage;
				CODE_SIGN_IDENTITY = "iPhone Developer";
				GCC_PRECOMPILE_PREFIX_HEADER = YES;
				GCC_PREFIX_HEADER = "MondoMeraviglioso/MondoMeraviglioso-Prefix.pch";
				INFOPLIST_FILE = "MondoMeraviglioso/MondoMeraviglioso-Info.plist";
				PRODUCT_NAME = "$(TARGET_NAME)";
				WRAPPER_EXTENSION = app;
			};
			name = Release;
		};
		4ECC062B182044F90000CD59 /* Debug */ = {
			isa = XCBuildConfiguration;
			buildSettings = {
				ARCHS = "$(ARCHS_STANDARD_INCLUDING_64_BIT)";
				BUNDLE_LOADER = "$(BUILT_PRODUCTS_DIR)/MondoMeraviglioso.app/MondoMeraviglioso";
				FRAMEWORK_SEARCH_PATHS = (
					"$(SDKROOT)/Developer/Library/Frameworks",
					"$(inherited)",
					"$(DEVELOPER_FRAMEWORKS_DIR)",
				);
				GCC_PRECOMPILE_PREFIX_HEADER = YES;
				GCC_PREFIX_HEADER = "MondoMeraviglioso/MondoMeraviglioso-Prefix.pch";
				GCC_PREPROCESSOR_DEFINITIONS = (
					"DEBUG=1",
					"$(inherited)",
				);
				INFOPLIST_FILE = "MondoMeravigliosoTests/MondoMeravigliosoTests-Info.plist";
				PRODUCT_NAME = "$(TARGET_NAME)";
				TEST_HOST = "$(BUNDLE_LOADER)";
				WRAPPER_EXTENSION = xctest;
			};
			name = Debug;
		};
		4ECC062C182044F90000CD59 /* Release */ = {
			isa = XCBuildConfiguration;
			buildSettings = {
				ARCHS = "$(ARCHS_STANDARD_INCLUDING_64_BIT)";
				BUNDLE_LOADER = "$(BUILT_PRODUCTS_DIR)/MondoMeraviglioso.app/MondoMeraviglioso";
				FRAMEWORK_SEARCH_PATHS = (
					"$(SDKROOT)/Developer/Library/Frameworks",
					"$(inherited)",
					"$(DEVELOPER_FRAMEWORKS_DIR)",
				);
				GCC_PRECOMPILE_PREFIX_HEADER = YES;
				GCC_PREFIX_HEADER = "MondoMeraviglioso/MondoMeraviglioso-Prefix.pch";
				INFOPLIST_FILE = "MondoMeravigliosoTests/MondoMeravigliosoTests-Info.plist";
				PRODUCT_NAME = "$(TARGET_NAME)";
				TEST_HOST = "$(BUNDLE_LOADER)";
				WRAPPER_EXTENSION = xctest;
			};
			name = Release;
		};
/* End XCBuildConfiguration section */

/* Begin XCConfigurationList section */
		4ECC05F0182044F80000CD59 /* Build configuration list for PBXProject "MondoMeraviglioso" */ = {
			isa = XCConfigurationList;
			buildConfigurations = (
				4ECC0625182044F90000CD59 /* Debug */,
				4ECC0626182044F90000CD59 /* Release */,
			);
			defaultConfigurationIsVisible = 0;
			defaultConfigurationName = Release;
		};
		4ECC0627182044F90000CD59 /* Build configuration list for PBXNativeTarget "MondoMeraviglioso" */ = {
			isa = XCConfigurationList;
			buildConfigurations = (
				4ECC0628182044F90000CD59 /* Debug */,
				4ECC0629182044F90000CD59 /* Release */,
			);
			defaultConfigurationIsVisible = 0;
			defaultConfigurationName = Release;
		};
		4ECC062A182044F90000CD59 /* Build configuration list for PBXNativeTarget "MondoMeravigliosoTests" */ = {
			isa = XCConfigurationList;
			buildConfigurations = (
				4ECC062B182044F90000CD59 /* Debug */,
				4ECC062C182044F90000CD59 /* Release */,
			);
			defaultConfigurationIsVisible = 0;
			defaultConfigurationName = Release;
		};
/* End XCConfigurationList section */
	};
	rootObject = 4ECC05ED182044F80000CD59 /* Project object */;
}
